// !$*UTF8*$!
{
	archiveVersion = 1;
	classes = {
	};
	objectVersion = 46;
	objects = {

/* Begin PBXBuildFile section */
		9B68A9621C016C5900201198 /* main.m in Sources */ = {isa = PBXBuildFile; fileRef = 9B68A9611C016C5900201198 /* main.m */; };
		9B68A9651C016C5900201198 /* APLAppDelegate.m in Sources */ = {isa = PBXBuildFile; fileRef = 9B68A9641C016C5900201198 /* APLAppDelegate.m */; };
		9B68A9681C016C5900201198 /* APLAccelerometerGraphViewController.m in Sources */ = {isa = PBXBuildFile; fileRef = 9B68A9671C016C5900201198 /* APLAccelerometerGraphViewController.m */; };
		9B68A96B1C016C5900201198 /* Main.storyboard in Resources */ = {isa = PBXBuildFile; fileRef = 9B68A9691C016C5900201198 /* Main.storyboard */; };
		9B68A96E1C016C5900201198 /* CMAvecSound.xcdatamodeld in Sources */ = {isa = PBXBuildFile; fileRef = 9B68A96C1C016C5900201198 /* CMAvecSound.xcdatamodeld */; };
		9B68A9701C016C5900201198 /* Assets.xcassets in Resources */ = {isa = PBXBuildFile; fileRef = 9B68A96F1C016C5900201198 /* Assets.xcassets */; };
		9B68A9731C016C5900201198 /* LaunchScreen.storyboard in Resources */ = {isa = PBXBuildFile; fileRef = 9B68A9711C016C5900201198 /* LaunchScreen.storyboard */; };
		9B68A97E1C016C5900201198 /* CMAvecSoundTests.m in Sources */ = {isa = PBXBuildFile; fileRef = 9B68A97D1C016C5900201198 /* CMAvecSoundTests.m */; };
		9B68A9891C016C5900201198 /* CMAvecSoundUITests.m in Sources */ = {isa = PBXBuildFile; fileRef = 9B68A9881C016C5900201198 /* CMAvecSoundUITests.m */; };
		9B68A9971C016C7100201198 /* CoreGraphics.framework in Frameworks */ = {isa = PBXBuildFile; fileRef = 9B68A9961C016C7100201198 /* CoreGraphics.framework */; };
		9B68A9991C016C7E00201198 /* QuartzCore.framework in Frameworks */ = {isa = PBXBuildFile; fileRef = 9B68A9981C016C7E00201198 /* QuartzCore.framework */; };
		9B68A99B1C016C8B00201198 /* UIKit.framework in Frameworks */ = {isa = PBXBuildFile; fileRef = 9B68A99A1C016C8B00201198 /* UIKit.framework */; };
		9B68A99D1C016C9200201198 /* Foundation.framework in Frameworks */ = {isa = PBXBuildFile; fileRef = 9B68A99C1C016C9200201198 /* Foundation.framework */; };
		9B68A99F1C016CB100201198 /* CoreMotion.framework in Frameworks */ = {isa = PBXBuildFile; fileRef = 9B68A99E1C016CB100201198 /* CoreMotion.framework */; };
		9B68A9A21C01750F00201198 /* APLGraphViewController.m in Sources */ = {isa = PBXBuildFile; fileRef = 9B68A9A11C01750F00201198 /* APLGraphViewController.m */; };
		9B68A9A51C01797000201198 /* APLGraphView.m in Sources */ = {isa = PBXBuildFile; fileRef = 9B68A9A41C01797000201198 /* APLGraphView.m */; };
		9B68A9A71C017E9B00201198 /* one.mp3 in Resources */ = {isa = PBXBuildFile; fileRef = 9B68A9A61C017E9B00201198 /* one.mp3 */; };
		9B68A9A91C017EE600201198 /* AVFoundation.framework in Frameworks */ = {isa = PBXBuildFile; fileRef = 9B68A9A81C017EE600201198 /* AVFoundation.framework */; };
/* End PBXBuildFile section */

/* Begin PBXContainerItemProxy section */
		9B68A97A1C016C5900201198 /* PBXContainerItemProxy */ = {
			isa = PBXContainerItemProxy;
			containerPortal = 9B68A9551C016C5900201198 /* Project object */;
			proxyType = 1;
			remoteGlobalIDString = 9B68A95C1C016C5900201198;
			remoteInfo = CMAvecSound;
		};
		9B68A9851C016C5900201198 /* PBXContainerItemProxy */ = {
			isa = PBXContainerItemProxy;
			containerPortal = 9B68A9551C016C5900201198 /* Project object */;
			proxyType = 1;
			remoteGlobalIDString = 9B68A95C1C016C5900201198;
			remoteInfo = CMAvecSound;
		};
/* End PBXContainerItemProxy section */

/* Begin PBXFileReference section */
		9B68A95D1C016C5900201198 /* CMAvecSound.app */ = {isa = PBXFileReference; explicitFileType = wrapper.application; includeInIndex = 0; path = CMAvecSound.app; sourceTree = BUILT_PRODUCTS_DIR; };
		9B68A9611C016C5900201198 /* main.m */ = {isa = PBXFileReference; lastKnownFileType = sourcecode.c.objc; path = main.m; sourceTree = "<group>"; };
		9B68A9631C016C5900201198 /* APLAppDelegate.h */ = {isa = PBXFileReference; lastKnownFileType = sourcecode.c.h; path = APLAppDelegate.h; sourceTree = "<group>"; };
		9B68A9641C016C5900201198 /* APLAppDelegate.m */ = {isa = PBXFileReference; lastKnownFileType = sourcecode.c.objc; path = APLAppDelegate.m; sourceTree = "<group>"; };
		9B68A9661C016C5900201198 /* APLAccelerometerGraphViewController.h */ = {isa = PBXFileReference; lastKnownFileType = sourcecode.c.h; path = APLAccelerometerGraphViewController.h; sourceTree = "<group>"; };
		9B68A9671C016C5900201198 /* APLAccelerometerGraphViewController.m */ = {isa = PBXFileReference; lastKnownFileType = sourcecode.c.objc; path = APLAccelerometerGraphViewController.m; sourceTree = "<group>"; };
		9B68A96A1C016C5900201198 /* Base */ = {isa = PBXFileReference; lastKnownFileType = file.storyboard; name = Base; path = Base.lproj/Main.storyboard; sourceTree = "<group>"; };
		9B68A96D1C016C5900201198 /* CMAvecSound.xcdatamodel */ = {isa = PBXFileReference; lastKnownFileType = wrapper.xcdatamodel; path = CMAvecSound.xcdatamodel; sourceTree = "<group>"; };
		9B68A96F1C016C5900201198 /* Assets.xcassets */ = {isa = PBXFileReference; lastKnownFileType = folder.assetcatalog; path = Assets.xcassets; sourceTree = "<group>"; };
		9B68A9721C016C5900201198 /* Base */ = {isa = PBXFileReference; lastKnownFileType = file.storyboard; name = Base; path = Base.lproj/LaunchScreen.storyboard; sourceTree = "<group>"; };
		9B68A9741C016C5900201198 /* Info.plist */ = {isa = PBXFileReference; lastKnownFileType = text.plist.xml; path = Info.plist; sourceTree = "<group>"; };
		9B68A9791C016C5900201198 /* CMAvecSoundTests.xctest */ = {isa = PBXFileReference; explicitFileType = wrapper.cfbundle; includeInIndex = 0; path = CMAvecSoundTests.xctest; sourceTree = BUILT_PRODUCTS_DIR; };
		9B68A97D1C016C5900201198 /* CMAvecSoundTests.m */ = {isa = PBXFileReference; lastKnownFileType = sourcecode.c.objc; path = CMAvecSoundTests.m; sourceTree = "<group>"; };
		9B68A97F1C016C5900201198 /* Info.plist */ = {isa = PBXFileReference; lastKnownFileType = text.plist.xml; path = Info.plist; sourceTree = "<group>"; };
		9B68A9841C016C5900201198 /* CMAvecSoundUITests.xctest */ = {isa = PBXFileReference; explicitFileType = wrapper.cfbundle; includeInIndex = 0; path = CMAvecSoundUITests.xctest; sourceTree = BUILT_PRODUCTS_DIR; };
		9B68A9881C016C5900201198 /* CMAvecSoundUITests.m */ = {isa = PBXFileReference; lastKnownFileType = sourcecode.c.objc; path = CMAvecSoundUITests.m; sourceTree = "<group>"; };
		9B68A98A1C016C5900201198 /* Info.plist */ = {isa = PBXFileReference; lastKnownFileType = text.plist.xml; path = Info.plist; sourceTree = "<group>"; };
		9B68A9961C016C7100201198 /* CoreGraphics.framework */ = {isa = PBXFileReference; lastKnownFileType = wrapper.framework; name = CoreGraphics.framework; path = System/Library/Frameworks/CoreGraphics.framework; sourceTree = SDKROOT; };
		9B68A9981C016C7E00201198 /* QuartzCore.framework */ = {isa = PBXFileReference; lastKnownFileType = wrapper.framework; name = QuartzCore.framework; path = System/Library/Frameworks/QuartzCore.framework; sourceTree = SDKROOT; };
		9B68A99A1C016C8B00201198 /* UIKit.framework */ = {isa = PBXFileReference; lastKnownFileType = wrapper.framework; name = UIKit.framework; path = System/Library/Frameworks/UIKit.framework; sourceTree = SDKROOT; };
		9B68A99C1C016C9200201198 /* Foundation.framework */ = {isa = PBXFileReference; lastKnownFileType = wrapper.framework; name = Foundation.framework; path = System/Library/Frameworks/Foundation.framework; sourceTree = SDKROOT; };
		9B68A99E1C016CB100201198 /* CoreMotion.framework */ = {isa = PBXFileReference; lastKnownFileType = wrapper.framework; name = CoreMotion.framework; path = System/Library/Frameworks/CoreMotion.framework; sourceTree = SDKROOT; };
		9B68A9A01C01750F00201198 /* APLGraphViewController.h */ = {isa = PBXFileReference; fileEncoding = 4; lastKnownFileType = sourcecode.c.h; path = APLGraphViewController.h; sourceTree = "<group>"; };
		9B68A9A11C01750F00201198 /* APLGraphViewController.m */ = {isa = PBXFileReference; fileEncoding = 4; lastKnownFileType = sourcecode.c.objc; path = APLGraphViewController.m; sourceTree = "<group>"; };
		9B68A9A31C01797000201198 /* APLGraphView.h */ = {isa = PBXFileReference; fileEncoding = 4; lastKnownFileType = sourcecode.c.h; path = APLGraphView.h; sourceTree = "<group>"; };
		9B68A9A41C01797000201198 /* APLGraphView.m */ = {isa = PBXFileReference; fileEncoding = 4; lastKnownFileType = sourcecode.c.objc; path = APLGraphView.m; sourceTree = "<group>"; };
		9B68A9A61C017E9B00201198 /* one.mp3 */ = {isa = PBXFileReference; lastKnownFileType = audio.mp3; path = one.mp3; sourceTree = "<group>"; };
		9B68A9A81C017EE600201198 /* AVFoundation.framework */ = {isa = PBXFileReference; lastKnownFileType = wrapper.framework; name = AVFoundation.framework; path = System/Library/Frameworks/AVFoundation.framework; sourceTree = SDKROOT; };
/* End PBXFileReference section */

/* Begin PBXFrameworksBuildPhase section */
		9B68A95A1C016C5900201198 /* Frameworks */ = {
			isa = PBXFrameworksBuildPhase;
			buildActionMask = 2147483647;
			files = (
				9B68A9A91C017EE600201198 /* AVFoundation.framework in Frameworks */,
				9B68A99F1C016CB100201198 /* CoreMotion.framework in Frameworks */,
				9B68A99D1C016C9200201198 /* Foundation.framework in Frameworks */,
				9B68A99B1C016C8B00201198 /* UIKit.framework in Frameworks */,
				9B68A9991C016C7E00201198 /* QuartzCore.framework in Frameworks */,
				9B68A9971C016C7100201198 /* CoreGraphics.framework in Frameworks */,
			);
			runOnlyForDeploymentPostprocessing = 0;
		};
		9B68A9761C016C5900201198 /* Frameworks */ = {
			isa = PBXFrameworksBuildPhase;
			buildActionMask = 2147483647;
			files = (
			);
			runOnlyForDeploymentPostprocessing = 0;
		};
		9B68A9811C016C5900201198 /* Frameworks */ = {
			isa = PBXFrameworksBuildPhase;
			buildActionMask = 2147483647;
			files = (
			);
			runOnlyForDeploymentPostprocessing = 0;
		};
/* End PBXFrameworksBuildPhase section */

/* Begin PBXGroup section */
		9B68A9541C016C5900201198 = {
			isa = PBXGroup;
			children = (
				9B68A9A81C017EE600201198 /* AVFoundation.framework */,
				9B68A99E1C016CB100201198 /* CoreMotion.framework */,
				9B68A99C1C016C9200201198 /* Foundation.framework */,
				9B68A99A1C016C8B00201198 /* UIKit.framework */,
				9B68A9981C016C7E00201198 /* QuartzCore.framework */,
				9B68A9961C016C7100201198 /* CoreGraphics.framework */,
				9B68A95F1C016C5900201198 /* CMAvecSound */,
				9B68A97C1C016C5900201198 /* CMAvecSoundTests */,
				9B68A9871C016C5900201198 /* CMAvecSoundUITests */,
				9B68A95E1C016C5900201198 /* Products */,
			);
			sourceTree = "<group>";
		};
		9B68A95E1C016C5900201198 /* Products */ = {
			isa = PBXGroup;
			children = (
				9B68A95D1C016C5900201198 /* CMAvecSound.app */,
				9B68A9791C016C5900201198 /* CMAvecSoundTests.xctest */,
				9B68A9841C016C5900201198 /* CMAvecSoundUITests.xctest */,
			);
			name = Products;
			sourceTree = "<group>";
		};
		9B68A95F1C016C5900201198 /* CMAvecSound */ = {
			isa = PBXGroup;
			children = (
				9B68A9631C016C5900201198 /* APLAppDelegate.h */,
				9B68A9641C016C5900201198 /* APLAppDelegate.m */,
				9B68A9661C016C5900201198 /* APLAccelerometerGraphViewController.h */,
				9B68A9671C016C5900201198 /* APLAccelerometerGraphViewController.m */,
				9B68A9A01C01750F00201198 /* APLGraphViewController.h */,
				9B68A9A11C01750F00201198 /* APLGraphViewController.m */,
				9B68A9A31C01797000201198 /* APLGraphView.h */,
				9B68A9A41C01797000201198 /* APLGraphView.m */,
				9B68A9691C016C5900201198 /* Main.storyboard */,
				9B68A96F1C016C5900201198 /* Assets.xcassets */,
				9B68A9711C016C5900201198 /* LaunchScreen.storyboard */,
				9B68A9741C016C5900201198 /* Info.plist */,
				9B68A96C1C016C5900201198 /* CMAvecSound.xcdatamodeld */,
				9B68A9601C016C5900201198 /* Supporting Files */,
			);
			path = CMAvecSound;
			sourceTree = "<group>";
		};
		9B68A9601C016C5900201198 /* Supporting Files */ = {
			isa = PBXGroup;
			children = (
				9B68A9A61C017E9B00201198 /* one.mp3 */,
				9B68A9611C016C5900201198 /* main.m */,
			);
			name = "Supporting Files";
			sourceTree = "<group>";
		};
		9B68A97C1C016C5900201198 /* CMAvecSoundTests */ = {
			isa = PBXGroup;
			children = (
				9B68A97D1C016C5900201198 /* CMAvecSoundTests.m */,
				9B68A97F1C016C5900201198 /* Info.plist */,
			);
			path = CMAvecSoundTests;
			sourceTree = "<group>";
		};
		9B68A9871C016C5900201198 /* CMAvecSoundUITests */ = {
			isa = PBXGroup;
			children = (
				9B68A9881C016C5900201198 /* CMAvecSoundUITests.m */,
				9B68A98A1C016C5900201198 /* Info.plist */,
			);
			path = CMAvecSoundUITests;
			sourceTree = "<group>";
		};
/* End PBXGroup section */

/* Begin PBXNativeTarget section */
		9B68A95C1C016C5900201198 /* CMAvecSound */ = {
			isa = PBXNativeTarget;
			buildConfigurationList = 9B68A98D1C016C5900201198 /* Build configuration list for PBXNativeTarget "CMAvecSound" */;
			buildPhases = (
				9B68A9591C016C5900201198 /* Sources */,
				9B68A95A1C016C5900201198 /* Frameworks */,
				9B68A95B1C016C5900201198 /* Resources */,
			);
			buildRules = (
			);
			dependencies = (
			);
			name = CMAvecSound;
			productName = CMAvecSound;
			productReference = 9B68A95D1C016C5900201198 /* CMAvecSound.app */;
			productType = "com.apple.product-type.application";
		};
		9B68A9781C016C5900201198 /* CMAvecSoundTests */ = {
			isa = PBXNativeTarget;
			buildConfigurationList = 9B68A9901C016C5900201198 /* Build configuration list for PBXNativeTarget "CMAvecSoundTests" */;
			buildPhases = (
				9B68A9751C016C5900201198 /* Sources */,
				9B68A9761C016C5900201198 /* Frameworks */,
				9B68A9771C016C5900201198 /* Resources */,
			);
			buildRules = (
			);
			dependencies = (
				9B68A97B1C016C5900201198 /* PBXTargetDependency */,
			);
			name = CMAvecSoundTests;
			productName = CMAvecSoundTests;
			productReference = 9B68A9791C016C5900201198 /* CMAvecSoundTests.xctest */;
			productType = "com.apple.product-type.bundle.unit-test";
		};
		9B68A9831C016C5900201198 /* CMAvecSoundUITests */ = {
			isa = PBXNativeTarget;
			buildConfigurationList = 9B68A9931C016C5900201198 /* Build configuration list for PBXNativeTarget "CMAvecSoundUITests" */;
			buildPhases = (
				9B68A9801C016C5900201198 /* Sources */,
				9B68A9811C016C5900201198 /* Frameworks */,
				9B68A9821C016C5900201198 /* Resources */,
			);
			buildRules = (
			);
			dependencies = (
				9B68A9861C016C5900201198 /* PBXTargetDependency */,
			);
			name = CMAvecSoundUITests;
			productName = CMAvecSoundUITests;
			productReference = 9B68A9841C016C5900201198 /* CMAvecSoundUITests.xctest */;
			productType = "com.apple.product-type.bundle.ui-testing";
		};
/* End PBXNativeTarget section */

/* Begin PBXProject section */
		9B68A9551C016C5900201198 /* Project object */ = {
			isa = PBXProject;
			attributes = {
				LastUpgradeCheck = 0710;
				ORGANIZATIONNAME = "Imee Cuison";
				TargetAttributes = {
					9B68A95C1C016C5900201198 = {
						CreatedOnToolsVersion = 7.1.1;
					};
					9B68A9781C016C5900201198 = {
						CreatedOnToolsVersion = 7.1.1;
						TestTargetID = 9B68A95C1C016C5900201198;
					};
					9B68A9831C016C5900201198 = {
						CreatedOnToolsVersion = 7.1.1;
						TestTargetID = 9B68A95C1C016C5900201198;
					};
				};
			};
			buildConfigurationList = 9B68A9581C016C5900201198 /* Build configuration list for PBXProject "CMAvecSound" */;
			compatibilityVersion = "Xcode 3.2";
			developmentRegion = English;
			hasScannedForEncodings = 0;
			knownRegions = (
				en,
				Base,
			);
			mainGroup = 9B68A9541C016C5900201198;
			productRefGroup = 9B68A95E1C016C5900201198 /* Products */;
			projectDirPath = "";
			projectRoot = "";
			targets = (
				9B68A95C1C016C5900201198 /* CMAvecSound */,
				9B68A9781C016C5900201198 /* CMAvecSoundTests */,
				9B68A9831C016C5900201198 /* CMAvecSoundUITests */,
			);
		};
/* End PBXProject section */

/* Begin PBXResourcesBuildPhase section */
		9B68A95B1C016C5900201198 /* Resources */ = {
			isa = PBXResourcesBuildPhase;
			buildActionMask = 2147483647;
			files = (
				9B68A9731C016C5900201198 /* LaunchScreen.storyboard in Resources */,
				9B68A9701C016C5900201198 /* Assets.xcassets in Resources */,
				9B68A96B1C016C5900201198 /* Main.storyboard in Resources */,
				9B68A9A71C017E9B00201198 /* one.mp3 in Resources */,
			);
			runOnlyForDeploymentPostprocessing = 0;
		};
		9B68A9771C016C5900201198 /* Resources */ = {
			isa = PBXResourcesBuildPhase;
			buildActionMask = 2147483647;
			files = (
			);
			runOnlyForDeploymentPostprocessing = 0;
		};
		9B68A9821C016C5900201198 /* Resources */ = {
			isa = PBXResourcesBuildPhase;
			buildActionMask = 2147483647;
			files = (
			);
			runOnlyForDeploymentPostprocessing = 0;
		};
/* End PBXResourcesBuildPhase section */

/* Begin PBXSourcesBuildPhase section */
		9B68A9591C016C5900201198 /* Sources */ = {
			isa = PBXSourcesBuildPhase;
			buildActionMask = 2147483647;
			files = (
				9B68A96E1C016C5900201198 /* CMAvecSound.xcdatamodeld in Sources */,
				9B68A9681C016C5900201198 /* APLAccelerometerGraphViewController.m in Sources */,
				9B68A9651C016C5900201198 /* APLAppDelegate.m in Sources */,
				9B68A9621C016C5900201198 /* main.m in Sources */,
				9B68A9A21C01750F00201198 /* APLGraphViewController.m in Sources */,
				9B68A9A51C01797000201198 /* APLGraphView.m in Sources */,
			);
			runOnlyForDeploymentPostprocessing = 0;
		};
		9B68A9751C016C5900201198 /* Sources */ = {
			isa = PBXSourcesBuildPhase;
			buildActionMask = 2147483647;
			files = (
				9B68A97E1C016C5900201198 /* CMAvecSoundTests.m in Sources */,
			);
			runOnlyForDeploymentPostprocessing = 0;
		};
		9B68A9801C016C5900201198 /* Sources */ = {
			isa = PBXSourcesBuildPhase;
			buildActionMask = 2147483647;
			files = (
				9B68A9891C016C5900201198 /* CMAvecSoundUITests.m in Sources */,
			);
			runOnlyForDeploymentPostprocessing = 0;
		};
/* End PBXSourcesBuildPhase section */

/* Begin PBXTargetDependency section */
		9B68A97B1C016C5900201198 /* PBXTargetDependency */ = {
			isa = PBXTargetDependency;
			target = 9B68A95C1C016C5900201198 /* CMAvecSound */;
			targetProxy = 9B68A97A1C016C5900201198 /* PBXContainerItemProxy */;
		};
		9B68A9861C016C5900201198 /* PBXTargetDependency */ = {
			isa = PBXTargetDependency;
			target = 9B68A95C1C016C5900201198 /* CMAvecSound */;
			targetProxy = 9B68A9851C016C5900201198 /* PBXContainerItemProxy */;
		};
/* End PBXTargetDependency section */

/* Begin PBXVariantGroup section */
		9B68A9691C016C5900201198 /* Main.storyboard */ = {
			isa = PBXVariantGroup;
			children = (
				9B68A96A1C016C5900201198 /* Base */,
			);
			name = Main.storyboard;
			sourceTree = "<group>";
		};
		9B68A9711C016C5900201198 /* LaunchScreen.storyboard */ = {
			isa = PBXVariantGroup;
			children = (
				9B68A9721C016C5900201198 /* Base */,
			);
			name = LaunchScreen.storyboard;
			sourceTree = "<group>";
		};
/* End PBXVariantGroup section */

/* Begin XCBuildConfiguration section */
		9B68A98B1C016C5900201198 /* Debug */ = {
			isa = XCBuildConfiguration;
			buildSettings = {
				ALWAYS_SEARCH_USER_PATHS = NO;
				CLANG_CXX_LANGUAGE_STANDARD = "gnu++0x";
				CLANG_CXX_LIBRARY = "libc++";
				CLANG_ENABLE_MODULES = YES;
				CLANG_ENABLE_OBJC_ARC = YES;
				CLANG_WARN_BOOL_CONVERSION = YES;
				CLANG_WARN_CONSTANT_CONVERSION = YES;
				CLANG_WARN_DIRECT_OBJC_ISA_USAGE = YES_ERROR;
				CLANG_WARN_EMPTY_BODY = YES;
				CLANG_WARN_ENUM_CONVERSION = YES;
				CLANG_WARN_INT_CONVERSION = YES;
				CLANG_WARN_OBJC_ROOT_CLASS = YES_ERROR;
				CLANG_WARN_UNREACHABLE_CODE = YES;
				CLANG_WARN__DUPLICATE_METHOD_MATCH = YES;
				"CODE_SIGN_IDENTITY[sdk=iphoneos*]" = "iPhone Developer";
				COPY_PHASE_STRIP = NO;
				DEBUG_INFORMATION_FORMAT = dwarf;
				ENABLE_STRICT_OBJC_MSGSEND = YES;
				ENABLE_TESTABILITY = YES;
				GCC_C_LANGUAGE_STANDARD = gnu99;
				GCC_DYNAMIC_NO_PIC = NO;
				GCC_NO_COMMON_BLOCKS = YES;
				GCC_OPTIMIZATION_LEVEL = 0;
				GCC_PREPROCESSOR_DEFINITIONS = (
					"DEBUG=1",
					"$(inherited)",
				);
				GCC_WARN_64_TO_32_BIT_CONVERSION = YES;
				GCC_WARN_ABOUT_RETURN_TYPE = YES_ERROR;
				GCC_WARN_UNDECLARED_SELECTOR = YES;
				GCC_WARN_UNINITIALIZED_AUTOS = YES_AGGRESSIVE;
				GCC_WARN_UNUSED_FUNCTION = YES;
				GCC_WARN_UNUSED_VARIABLE = YES;
				IPHONEOS_DEPLOYMENT_TARGET = 9.1;
				MTL_ENABLE_DEBUG_INFO = YES;
				ONLY_ACTIVE_ARCH = YES;
				SDKROOT = iphoneos;
			};
			name = Debug;
		};
		9B68A98C1C016C5900201198 /* Release */ = {
			isa = XCBuildConfiguration;
			buildSettings = {
				ALWAYS_SEARCH_USER_PATHS = NO;
				CLANG_CXX_LANGUAGE_STANDARD = "gnu++0x";
				CLANG_CXX_LIBRARY = "libc++";
				CLANG_ENABLE_MODULES = YES;
				CLANG_ENABLE_OBJC_ARC = YES;
				CLANG_WARN_BOOL_CONVERSION = YES;
				CLANG_WARN_CONSTANT_CONVERSION = YES;
				CLANG_WARN_DIRECT_OBJC_ISA_USAGE = YES_ERROR;
				CLANG_WARN_EMPTY_BODY = YES;
				CLANG_WARN_ENUM_CONVERSION = YES;
				CLANG_WARN_INT_CONVERSION = YES;
				CLANG_WARN_OBJC_ROOT_CLASS = YES_ERROR;
				CLANG_WARN_UNREACHABLE_CODE = YES;
				CLANG_WARN__DUPLICATE_METHOD_MATCH = YES;
				"CODE_SIGN_IDENTITY[sdk=iphoneos*]" = "iPhone Developer";
				COPY_PHASE_STRIP = NO;
				DEBUG_INFORMATION_FORMAT = "dwarf-with-dsym";
				ENABLE_NS_ASSERTIONS = NO;
				ENABLE_STRICT_OBJC_MSGSEND = YES;
				GCC_C_LANGUAGE_STANDARD = gnu99;
				GCC_NO_COMMON_BLOCKS = YES;
				GCC_WARN_64_TO_32_BIT_CONVERSION = YES;
				GCC_WARN_ABOUT_RETURN_TYPE = YES_ERROR;
				GCC_WARN_UNDECLARED_SELECTOR = YES;
				GCC_WARN_UNINITIALIZED_AUTOS = YES_AGGRESSIVE;
				GCC_WARN_UNUSED_FUNCTION = YES;
				GCC_WARN_UNUSED_VARIABLE = YES;
				IPHONEOS_DEPLOYMENT_TARGET = 9.1;
				MTL_ENABLE_DEBUG_INFO = NO;
				SDKROOT = iphoneos;
				VALIDATE_PRODUCT = YES;
			};
			name = Release;
		};
		9B68A98E1C016C5900201198 /* Debug */ = {
			isa = XCBuildConfiguration;
			buildSettings = {
				ASSETCATALOG_COMPILER_APPICON_NAME = AppIcon;
				INFOPLIST_FILE = CMAvecSound/Info.plist;
				LD_RUNPATH_SEARCH_PATHS = "$(inherited) @executable_path/Frameworks";
				PRODUCT_BUNDLE_IDENTIFIER = com.practice.CMAvecSound;
				PRODUCT_NAME = "$(TARGET_NAME)";
			};
			name = Debug;
		};
		9B68A98F1C016C5900201198 /* Release */ = {
			isa = XCBuildConfiguration;
			buildSettings = {
				ASSETCATALOG_COMPILER_APPICON_NAME = AppIcon;
				INFOPLIST_FILE = CMAvecSound/Info.plist;
				LD_RUNPATH_SEARCH_PATHS = "$(inherited) @executable_path/Frameworks";
				PRODUCT_BUNDLE_IDENTIFIER = com.practice.CMAvecSound;
				PRODUCT_NAME = "$(TARGET_NAME)";
			};
			name = Release;
		};
		9B68A9911C016C5900201198 /* Debug */ = {
			isa = XCBuildConfiguration;
			buildSettings = {
				BUNDLE_LOADER = "$(TEST_HOST)";
				INFOPLIST_FILE = CMAvecSoundTests/Info.plist;
				LD_RUNPATH_SEARCH_PATHS = "$(inherited) @executable_path/Frameworks @loader_path/Frameworks";
				PRODUCT_BUNDLE_IDENTIFIER = com.practice.CMAvecSoundTests;
				PRODUCT_NAME = "$(TARGET_NAME)";
				TEST_HOST = "$(BUILT_PRODUCTS_DIR)/CMAvecSound.app/CMAvecSound";
			};
			name = Debug;
		};
		9B68A9921C016C5900201198 /* Release */ = {
			isa = XCBuildConfiguration;
			buildSettings = {
				BUNDLE_LOADER = "$(TEST_HOST)";
				INFOPLIST_FILE = CMAvecSoundTests/Info.plist;
				LD_RUNPATH_SEARCH_PATHS = "$(inherited) @executable_path/Frameworks @loader_path/Frameworks";
				PRODUCT_BUNDLE_IDENTIFIER = com.practice.CMAvecSoundTests;
				PRODUCT_NAME = "$(TARGET_NAME)";
				TEST_HOST = "$(BUILT_PRODUCTS_DIR)/CMAvecSound.app/CMAvecSound";
			};
			name = Release;
		};
		9B68A9941C016C5900201198 /* Debug */ = {
			isa = XCBuildConfiguration;
			buildSettings = {
				INFOPLIST_FILE = CMAvecSoundUITests/Info.plist;
				LD_RUNPATH_SEARCH_PATHS = "$(inherited) @executable_path/Frameworks @loader_path/Frameworks";
				PRODUCT_BUNDLE_IDENTIFIER = com.practice.CMAvecSoundUITests;
				PRODUCT_NAME = "$(TARGET_NAME)";
				TEST_TARGET_NAME = CMAvecSound;
				USES_XCTRUNNER = YES;
			};
			name = Debug;
		};
		9B68A9951C016C5900201198 /* Release */ = {
			isa = XCBuildConfiguration;
			buildSettings = {
				INFOPLIST_FILE = CMAvecSoundUITests/Info.plist;
				LD_RUNPATH_SEARCH_PATHS = "$(inherited) @executable_path/Frameworks @loader_path/Frameworks";
				PRODUCT_BUNDLE_IDENTIFIER = com.practice.CMAvecSoundUITests;
				PRODUCT_NAME = "$(TARGET_NAME)";
				TEST_TARGET_NAME = CMAvecSound;
				USES_XCTRUNNER = YES;
			};
			name = Release;
		};
/* End XCBuildConfiguration section */

/* Begin XCConfigurationList section */
		9B68A9581C016C5900201198 /* Build configuration list for PBXProject "CMAvecSound" */ = {
			isa = XCConfigurationList;
			buildConfigurations = (
				9B68A98B1C016C5900201198 /* Debug */,
				9B68A98C1C016C5900201198 /* Release */,
			);
			defaultConfigurationIsVisible = 0;
			defaultConfigurationName = Release;
		};
		9B68A98D1C016C5900201198 /* Build configuration list for PBXNativeTarget "CMAvecSound" */ = {
			isa = XCConfigurationList;
			buildConfigurations = (
				9B68A98E1C016C5900201198 /* Debug */,
				9B68A98F1C016C5900201198 /* Release */,
			);
			defaultConfigurationIsVisible = 0;
		};
		9B68A9901C016C5900201198 /* Build configuration list for PBXNativeTarget "CMAvecSoundTests" */ = {
			isa = XCConfigurationList;
			buildConfigurations = (
				9B68A9911C016C5900201198 /* Debug */,
				9B68A9921C016C5900201198 /* Release */,
			);
			defaultConfigurationIsVisible = 0;
		};
		9B68A9931C016C5900201198 /* Build configuration list for PBXNativeTarget "CMAvecSoundUITests" */ = {
			isa = XCConfigurationList;
			buildConfigurations = (
				9B68A9941C016C5900201198 /* Debug */,
				9B68A9951C016C5900201198 /* Release */,
			);
			defaultConfigurationIsVisible = 0;
		};
/* End XCConfigurationList section */

/* Begin XCVersionGroup section */
		9B68A96C1C016C5900201198 /* CMAvecSound.xcdatamodeld */ = {
			isa = XCVersionGroup;
			children = (
				9B68A96D1C016C5900201198 /* CMAvecSound.xcdatamodel */,
			);
			currentVersion = 9B68A96D1C016C5900201198 /* CMAvecSound.xcdatamodel */;
			path = CMAvecSound.xcdatamodeld;
			sourceTree = "<group>";
			versionGroupType = wrapper.xcdatamodel;
		};
/* End XCVersionGroup section */
	};
	rootObject = 9B68A9551C016C5900201198 /* Project object */;
}
